
Microsoft Visual Studio Solution File, Format Version 12.00
# Visual Studio Version 16
VisualStudioVersion = 16.0.30128.74
MinimumVisualStudioVersion = 10.0.40219.1
Project("{FAE04EC0-301F-11D3-BF4B-00C04F79EFBC}") = "fa-due-date", "fa-due-date\fa-due-date.csproj", "{D1E986B9-1B90-4CEF-BE61-6CEAEE7F4666}"
EndProject
Global
	GlobalSection(SolutionConfigurationPlatforms) = preSolution
		Debug|Any CPU = Debug|Any CPU
		Release|Any CPU = Release|Any CPU
	EndGlobalSection
	GlobalSection(ProjectConfigurationPlatforms) = postSolution
		{D1E986B9-1B90-4CEF-BE61-6CEAEE7F4666}.Debug|Any CPU.ActiveCfg = Debug|Any CPU
		{D1E986B9-1B90-4CEF-BE61-6CEAEE7F4666}.Debug|Any CPU.Build.0 = Debug|Any CPU
		{D1E986B9-1B90-4CEF-BE61-6CEAEE7F4666}.Release|Any CPU.ActiveCfg = Release|Any CPU
		{D1E986B9-1B90-4CEF-BE61-6CEAEE7F4666}.Release|Any CPU.Build.0 = Release|Any CPU
	EndGlobalSection
	GlobalSection(SolutionProperties) = preSolution
		HideSolutionNode = FALSE
	EndGlobalSection
	GlobalSection(ExtensibilityGlobals) = postSolution
		SolutionGuid = {19A43D0A-79D9-4AE0-84A5-84825906DEBE}
	EndGlobalSection
EndGlobal
